
Microsoft Visual Studio Solution File, Format Version 12.00
# Visual Studio Version 17
VisualStudioVersion = 17.4.33213.308
MinimumVisualStudioVersion = 10.0.40219.1
Project("{9A19103F-16F7-4668-BE54-9A1E7A4F7556}") = "AM.UI.Console", "AM.UI.Console\AM.UI.Console.csproj", "{9A737F7A-0F05-4B0B-A8BA-0FA5533566E6}"
EndProject
Project("{9A19103F-16F7-4668-BE54-9A1E7A4F7556}") = "AM.ApplicationCore", "AM.ApplicationCore\AM.ApplicationCore.csproj", "{6156E006-AD50-4995-9DE6-531EA8A82BBF}"
EndProject
Project("{9A19103F-16F7-4668-BE54-9A1E7A4F7556}") = "AM.Infrastructure", "AM.Infrastructure\AM.Infrastructure.csproj", "{FA115B47-9BA3-4877-B02D-C34B2D0532D9}"
EndProject
Project("{FAE04EC0-301F-11D3-BF4B-00C04F79EFBC}") = "AM.UI.WEB", "AM.UI.WEB\AM.UI.WEB.csproj", "{F04C9FBE-BB98-4AB0-B8AE-BC199AFF28C7}"
EndProject
Global
	GlobalSection(SolutionConfigurationPlatforms) = preSolution
		Debug|Any CPU = Debug|Any CPU
		Release|Any CPU = Release|Any CPU
	EndGlobalSection
	GlobalSection(ProjectConfigurationPlatforms) = postSolution
		{9A737F7A-0F05-4B0B-A8BA-0FA5533566E6}.Debug|Any CPU.ActiveCfg = Debug|Any CPU
		{9A737F7A-0F05-4B0B-A8BA-0FA5533566E6}.Debug|Any CPU.Build.0 = Debug|Any CPU
		{9A737F7A-0F05-4B0B-A8BA-0FA5533566E6}.Release|Any CPU.ActiveCfg = Release|Any CPU
		{9A737F7A-0F05-4B0B-A8BA-0FA5533566E6}.Release|Any CPU.Build.0 = Release|Any CPU
		{6156E006-AD50-4995-9DE6-531EA8A82BBF}.Debug|Any CPU.ActiveCfg = Debug|Any CPU
		{6156E006-AD50-4995-9DE6-531EA8A82BBF}.Debug|Any CPU.Build.0 = Debug|Any CPU
		{6156E006-AD50-4995-9DE6-531EA8A82BBF}.Release|Any CPU.ActiveCfg = Release|Any CPU
		{6156E006-AD50-4995-9DE6-531EA8A82BBF}.Release|Any CPU.Build.0 = Release|Any CPU
		{FA115B47-9BA3-4877-B02D-C34B2D0532D9}.Debug|Any CPU.ActiveCfg = Debug|Any CPU
		{FA115B47-9BA3-4877-B02D-C34B2D0532D9}.Debug|Any CPU.Build.0 = Debug|Any CPU
		{FA115B47-9BA3-4877-B02D-C34B2D0532D9}.Release|Any CPU.ActiveCfg = Release|Any CPU
		{FA115B47-9BA3-4877-B02D-C34B2D0532D9}.Release|Any CPU.Build.0 = Release|Any CPU
		{F04C9FBE-BB98-4AB0-B8AE-BC199AFF28C7}.Debug|Any CPU.ActiveCfg = Debug|Any CPU
		{F04C9FBE-BB98-4AB0-B8AE-BC199AFF28C7}.Debug|Any CPU.Build.0 = Debug|Any CPU
		{F04C9FBE-BB98-4AB0-B8AE-BC199AFF28C7}.Release|Any CPU.ActiveCfg = Release|Any CPU
		{F04C9FBE-BB98-4AB0-B8AE-BC199AFF28C7}.Release|Any CPU.Build.0 = Release|Any CPU
	EndGlobalSection
	GlobalSection(SolutionProperties) = preSolution
		HideSolutionNode = FALSE
	EndGlobalSection
	GlobalSection(ExtensibilityGlobals) = postSolution
		SolutionGuid = {70D15BC7-8941-4B4C-A0F5-8DCEA70E6576}
	EndGlobalSection
EndGlobal
